// !$*UTF8*$!
{
	archiveVersion = 1;
	classes = {
	};
	objectVersion = 46;
	objects = {

/* Begin PBXBuildFile section */
		C0F29FC21E8BDEA100F207C6 /* main.m in Sources */ = {isa = PBXBuildFile; fileRef = C0F29FC11E8BDEA100F207C6 /* main.m */; };
		C0F29FCF1E8BDEB100F207C6 /* main.m in Sources */ = {isa = PBXBuildFile; fileRef = C0F29FCE1E8BDEB100F207C6 /* main.m */; };
		C0F29FE51E8BDF1800F207C6 /* main.m in Sources */ = {isa = PBXBuildFile; fileRef = C0F29FE41E8BDF1800F207C6 /* main.m */; };
		C0F29FF01E8BDFF700F207C6 /* main.m in Sources */ = {isa = PBXBuildFile; fileRef = C0F29FEF1E8BDFF700F207C6 /* main.m */; };
/* End PBXBuildFile section */

/* Begin PBXCopyFilesBuildPhase section */
		C0F29FBC1E8BDEA100F207C6 /* CopyFiles */ = {
			isa = PBXCopyFilesBuildPhase;
			buildActionMask = 2147483647;
			dstPath = /usr/share/man/man1/;
			dstSubfolderSpec = 0;
			files = (
			);
			runOnlyForDeploymentPostprocessing = 1;
		};
		C0F29FCA1E8BDEB100F207C6 /* CopyFiles */ = {
			isa = PBXCopyFilesBuildPhase;
			buildActionMask = 2147483647;
			dstPath = /usr/share/man/man1/;
			dstSubfolderSpec = 0;
			files = (
			);
			runOnlyForDeploymentPostprocessing = 1;
		};
		C0F29FE01E8BDF1800F207C6 /* CopyFiles */ = {
			isa = PBXCopyFilesBuildPhase;
			buildActionMask = 2147483647;
			dstPath = /usr/share/man/man1/;
			dstSubfolderSpec = 0;
			files = (
			);
			runOnlyForDeploymentPostprocessing = 1;
		};
		C0F29FEB1E8BDFF700F207C6 /* CopyFiles */ = {
			isa = PBXCopyFilesBuildPhase;
			buildActionMask = 2147483647;
			dstPath = /usr/share/man/man1/;
			dstSubfolderSpec = 0;
			files = (
			);
			runOnlyForDeploymentPostprocessing = 1;
		};
/* End PBXCopyFilesBuildPhase section */

/* Begin PBXFileReference section */
		C0F29FBE1E8BDEA100F207C6 /* 6.3.3 */ = {isa = PBXFileReference; explicitFileType = "compiled.mach-o.executable"; includeInIndex = 0; path = 6.3.3; sourceTree = BUILT_PRODUCTS_DIR; };
		C0F29FC11E8BDEA100F207C6 /* main.m */ = {isa = PBXFileReference; lastKnownFileType = sourcecode.c.objc; path = main.m; sourceTree = "<group>"; };
		C0F29FCC1E8BDEB100F207C6 /* #if  #elif  #else */ = {isa = PBXFileReference; explicitFileType = "compiled.mach-o.executable"; includeInIndex = 0; path = "#if  #elif  #else"; sourceTree = BUILT_PRODUCTS_DIR; };
		C0F29FCE1E8BDEB100F207C6 /* main.m */ = {isa = PBXFileReference; lastKnownFileType = sourcecode.c.objc; path = main.m; sourceTree = "<group>"; };
		C0F29FE21E8BDF1800F207C6 /* #ifdef */ = {isa = PBXFileReference; explicitFileType = "compiled.mach-o.executable"; includeInIndex = 0; path = "#ifdef"; sourceTree = BUILT_PRODUCTS_DIR; };
		C0F29FE41E8BDF1800F207C6 /* main.m */ = {isa = PBXFileReference; lastKnownFileType = sourcecode.c.objc; path = main.m; sourceTree = "<group>"; };
		C0F29FED1E8BDFF700F207C6 /* #ifndef */ = {isa = PBXFileReference; explicitFileType = "compiled.mach-o.executable"; includeInIndex = 0; path = "#ifndef"; sourceTree = BUILT_PRODUCTS_DIR; };
		C0F29FEF1E8BDFF700F207C6 /* main.m */ = {isa = PBXFileReference; lastKnownFileType = sourcecode.c.objc; path = main.m; sourceTree = "<group>"; };
/* End PBXFileReference section */

/* Begin PBXFrameworksBuildPhase section */
		C0F29FBB1E8BDEA100F207C6 /* Frameworks */ = {
			isa = PBXFrameworksBuildPhase;
			buildActionMask = 2147483647;
			files = (
			);
			runOnlyForDeploymentPostprocessing = 0;
		};
		C0F29FC91E8BDEB100F207C6 /* Frameworks */ = {
			isa = PBXFrameworksBuildPhase;
			buildActionMask = 2147483647;
			files = (
			);
			runOnlyForDeploymentPostprocessing = 0;
		};
		C0F29FDF1E8BDF1800F207C6 /* Frameworks */ = {
			isa = PBXFrameworksBuildPhase;
			buildActionMask = 2147483647;
			files = (
			);
			runOnlyForDeploymentPostprocessing = 0;
		};
		C0F29FEA1E8BDFF700F207C6 /* Frameworks */ = {
			isa = PBXFrameworksBuildPhase;
			buildActionMask = 2147483647;
			files = (
			);
			runOnlyForDeploymentPostprocessing = 0;
		};
/* End PBXFrameworksBuildPhase section */

/* Begin PBXGroup section */
		C0F29FB51E8BDEA100F207C6 = {
			isa = PBXGroup;
			children = (
				C0F29FC01E8BDEA100F207C6 /* 6.3.3 */,
				C0F29FCD1E8BDEB100F207C6 /* #if  #elif  #else */,
				C0F29FE31E8BDF1800F207C6 /* #ifdef */,
				C0F29FEE1E8BDFF700F207C6 /* #ifndef */,
				C0F29FBF1E8BDEA100F207C6 /* Products */,
			);
			sourceTree = "<group>";
		};
		C0F29FBF1E8BDEA100F207C6 /* Products */ = {
			isa = PBXGroup;
			children = (
				C0F29FBE1E8BDEA100F207C6 /* 6.3.3 */,
				C0F29FCC1E8BDEB100F207C6 /* #if  #elif  #else */,
				C0F29FE21E8BDF1800F207C6 /* #ifdef */,
				C0F29FED1E8BDFF700F207C6 /* #ifndef */,
			);
			name = Products;
			sourceTree = "<group>";
		};
		C0F29FC01E8BDEA100F207C6 /* 6.3.3 */ = {
			isa = PBXGroup;
			children = (
				C0F29FC11E8BDEA100F207C6 /* main.m */,
			);
			path = 6.3.3;
			sourceTree = "<group>";
		};
		C0F29FCD1E8BDEB100F207C6 /* #if  #elif  #else */ = {
			isa = PBXGroup;
			children = (
				C0F29FCE1E8BDEB100F207C6 /* main.m */,
			);
			path = "#if  #elif  #else";
			sourceTree = "<group>";
		};
		C0F29FE31E8BDF1800F207C6 /* #ifdef */ = {
			isa = PBXGroup;
			children = (
				C0F29FE41E8BDF1800F207C6 /* main.m */,
			);
			path = "#ifdef";
			sourceTree = "<group>";
		};
		C0F29FEE1E8BDFF700F207C6 /* #ifndef */ = {
			isa = PBXGroup;
			children = (
				C0F29FEF1E8BDFF700F207C6 /* main.m */,
			);
			path = "#ifndef";
			sourceTree = "<group>";
		};
/* End PBXGroup section */

/* Begin PBXNativeTarget section */
		C0F29FBD1E8BDEA100F207C6 /* 6.3.3 */ = {
			isa = PBXNativeTarget;
			buildConfigurationList = C0F29FC51E8BDEA100F207C6 /* Build configuration list for PBXNativeTarget "6.3.3" */;
			buildPhases = (
				C0F29FBA1E8BDEA100F207C6 /* Sources */,
				C0F29FBB1E8BDEA100F207C6 /* Frameworks */,
				C0F29FBC1E8BDEA100F207C6 /* CopyFiles */,
			);
			buildRules = (
			);
			dependencies = (
			);
			name = 6.3.3;
			productName = 6.3.3;
			productReference = C0F29FBE1E8BDEA100F207C6 /* 6.3.3 */;
			productType = "com.apple.product-type.tool";
		};
		C0F29FCB1E8BDEB100F207C6 /* #if  #elif  #else */ = {
			isa = PBXNativeTarget;
			buildConfigurationList = C0F29FD01E8BDEB100F207C6 /* Build configuration list for PBXNativeTarget "#if  #elif  #else" */;
			buildPhases = (
				C0F29FC81E8BDEB100F207C6 /* Sources */,
				C0F29FC91E8BDEB100F207C6 /* Frameworks */,
				C0F29FCA1E8BDEB100F207C6 /* CopyFiles */,
			);
			buildRules = (
			);
			dependencies = (
			);
			name = "#if  #elif  #else";
			productName = "#if  #elif  #else";
			productReference = C0F29FCC1E8BDEB100F207C6 /* #if  #elif  #else */;
			productType = "com.apple.product-type.tool";
		};
		C0F29FE11E8BDF1800F207C6 /* #ifdef */ = {
			isa = PBXNativeTarget;
			buildConfigurationList = C0F29FE61E8BDF1800F207C6 /* Build configuration list for PBXNativeTarget "#ifdef" */;
			buildPhases = (
				C0F29FDE1E8BDF1800F207C6 /* Sources */,
				C0F29FDF1E8BDF1800F207C6 /* Frameworks */,
				C0F29FE01E8BDF1800F207C6 /* CopyFiles */,
			);
			buildRules = (
			);
			dependencies = (
			);
			name = "#ifdef";
			productName = "#ifdef";
			productReference = C0F29FE21E8BDF1800F207C6 /* #ifdef */;
			productType = "com.apple.product-type.tool";
		};
		C0F29FEC1E8BDFF700F207C6 /* #ifndef */ = {
			isa = PBXNativeTarget;
			buildConfigurationList = C0F29FF11E8BDFF700F207C6 /* Build configuration list for PBXNativeTarget "#ifndef" */;
			buildPhases = (
				C0F29FE91E8BDFF700F207C6 /* Sources */,
				C0F29FEA1E8BDFF700F207C6 /* Frameworks */,
				C0F29FEB1E8BDFF700F207C6 /* CopyFiles */,
			);
			buildRules = (
			);
			dependencies = (
			);
			name = "#ifndef";
			productName = "#ifndef";
			productReference = C0F29FED1E8BDFF700F207C6 /* #ifndef */;
			productType = "com.apple.product-type.tool";
		};
/* End PBXNativeTarget section */

/* Begin PBXProject section */
		C0F29FB61E8BDEA100F207C6 /* Project object */ = {
			isa = PBXProject;
			attributes = {
				LastUpgradeCheck = 0820;
				ORGANIZATIONNAME = Liz;
				TargetAttributes = {
					C0F29FBD1E8BDEA100F207C6 = {
						CreatedOnToolsVersion = 8.2;
						ProvisioningStyle = Automatic;
					};
					C0F29FCB1E8BDEB100F207C6 = {
						CreatedOnToolsVersion = 8.2;
						ProvisioningStyle = Automatic;
					};
					C0F29FE11E8BDF1800F207C6 = {
						CreatedOnToolsVersion = 8.2;
						ProvisioningStyle = Automatic;
					};
					C0F29FEC1E8BDFF700F207C6 = {
						CreatedOnToolsVersion = 8.2;
						ProvisioningStyle = Automatic;
					};
				};
			};
			buildConfigurationList = C0F29FB91E8BDEA100F207C6 /* Build configuration list for PBXProject "6.3.3" */;
			compatibilityVersion = "Xcode 3.2";
			developmentRegion = English;
			hasScannedForEncodings = 0;
			knownRegions = (
				en,
			);
			mainGroup = C0F29FB51E8BDEA100F207C6;
			productRefGroup = C0F29FBF1E8BDEA100F207C6 /* Products */;
			projectDirPath = "";
			projectRoot = "";
			targets = (
				C0F29FBD1E8BDEA100F207C6 /* 6.3.3 */,
				C0F29FCB1E8BDEB100F207C6 /* #if  #elif  #else */,
				C0F29FE11E8BDF1800F207C6 /* #ifdef */,
				C0F29FEC1E8BDFF700F207C6 /* #ifndef */,
			);
		};
/* End PBXProject section */

/* Begin PBXSourcesBuildPhase section */
		C0F29FBA1E8BDEA100F207C6 /* Sources */ = {
			isa = PBXSourcesBuildPhase;
			buildActionMask = 2147483647;
			files = (
				C0F29FC21E8BDEA100F207C6 /* main.m in Sources */,
			);
			runOnlyForDeploymentPostprocessing = 0;
		};
		C0F29FC81E8BDEB100F207C6 /* Sources */ = {
			isa = PBXSourcesBuildPhase;
			buildActionMask = 2147483647;
			files = (
				C0F29FCF1E8BDEB100F207C6 /* main.m in Sources */,
			);
			runOnlyForDeploymentPostprocessing = 0;
		};
		C0F29FDE1E8BDF1800F207C6 /* Sources */ = {
			isa = PBXSourcesBuildPhase;
			buildActionMask = 2147483647;
			files = (
				C0F29FE51E8BDF1800F207C6 /* main.m in Sources */,
			);
			runOnlyForDeploymentPostprocessing = 0;
		};
		C0F29FE91E8BDFF700F207C6 /* Sources */ = {
			isa = PBXSourcesBuildPhase;
			buildActionMask = 2147483647;
			files = (
				C0F29FF01E8BDFF700F207C6 /* main.m in Sources */,
			);
			runOnlyForDeploymentPostprocessing = 0;
		};
/* End PBXSourcesBuildPhase section */

/* Begin XCBuildConfiguration section */
		C0F29FC31E8BDEA100F207C6 /* Debug */ = {
			isa = XCBuildConfiguration;
			buildSettings = {
				ALWAYS_SEARCH_USER_PATHS = NO;
				CLANG_ANALYZER_NONNULL = YES;
				CLANG_CXX_LANGUAGE_STANDARD = "gnu++0x";
				CLANG_CXX_LIBRARY = "libc++";
				CLANG_ENABLE_MODULES = YES;
				CLANG_ENABLE_OBJC_ARC = YES;
				CLANG_WARN_BOOL_CONVERSION = YES;
				CLANG_WARN_CONSTANT_CONVERSION = YES;
				CLANG_WARN_DIRECT_OBJC_ISA_USAGE = YES_ERROR;
				CLANG_WARN_DOCUMENTATION_COMMENTS = YES;
				CLANG_WARN_EMPTY_BODY = YES;
				CLANG_WARN_ENUM_CONVERSION = YES;
				CLANG_WARN_INFINITE_RECURSION = YES;
				CLANG_WARN_INT_CONVERSION = YES;
				CLANG_WARN_OBJC_ROOT_CLASS = YES_ERROR;
				CLANG_WARN_SUSPICIOUS_MOVE = YES;
				CLANG_WARN_UNREACHABLE_CODE = YES;
				CLANG_WARN__DUPLICATE_METHOD_MATCH = YES;
				CODE_SIGN_IDENTITY = "-";
				COPY_PHASE_STRIP = NO;
				DEBUG_INFORMATION_FORMAT = dwarf;
				ENABLE_STRICT_OBJC_MSGSEND = YES;
				ENABLE_TESTABILITY = YES;
				GCC_C_LANGUAGE_STANDARD = gnu99;
				GCC_DYNAMIC_NO_PIC = NO;
				GCC_NO_COMMON_BLOCKS = YES;
				GCC_OPTIMIZATION_LEVEL = 0;
				GCC_PREPROCESSOR_DEFINITIONS = (
					"DEBUG=1",
					"$(inherited)",
				);
				GCC_WARN_64_TO_32_BIT_CONVERSION = YES;
				GCC_WARN_ABOUT_RETURN_TYPE = YES_ERROR;
				GCC_WARN_UNDECLARED_SELECTOR = YES;
				GCC_WARN_UNINITIALIZED_AUTOS = YES_AGGRESSIVE;
				GCC_WARN_UNUSED_FUNCTION = YES;
				GCC_WARN_UNUSED_VARIABLE = YES;
				MACOSX_DEPLOYMENT_TARGET = 10.12;
				MTL_ENABLE_DEBUG_INFO = YES;
				ONLY_ACTIVE_ARCH = YES;
				SDKROOT = macosx;
			};
			name = Debug;
		};
		C0F29FC41E8BDEA100F207C6 /* Release */ = {
			isa = XCBuildConfiguration;
			buildSettings = {
				ALWAYS_SEARCH_USER_PATHS = NO;
				CLANG_ANALYZER_NONNULL = YES;
				CLANG_CXX_LANGUAGE_STANDARD = "gnu++0x";
				CLANG_CXX_LIBRARY = "libc++";
				CLANG_ENABLE_MODULES = YES;
				CLANG_ENABLE_OBJC_ARC = YES;
				CLANG_WARN_BOOL_CONVERSION = YES;
				CLANG_WARN_CONSTANT_CONVERSION = YES;
				CLANG_WARN_DIRECT_OBJC_ISA_USAGE = YES_ERROR;
				CLANG_WARN_DOCUMENTATION_COMMENTS = YES;
				CLANG_WARN_EMPTY_BODY = YES;
				CLANG_WARN_ENUM_CONVERSION = YES;
				CLANG_WARN_INFINITE_RECURSION = YES;
				CLANG_WARN_INT_CONVERSION = YES;
				CLANG_WARN_OBJC_ROOT_CLASS = YES_ERROR;
				CLANG_WARN_SUSPICIOUS_MOVE = YES;
				CLANG_WARN_UNREACHABLE_CODE = YES;
				CLANG_WARN__DUPLICATE_METHOD_MATCH = YES;
				CODE_SIGN_IDENTITY = "-";
				COPY_PHASE_STRIP = NO;
				DEBUG_INFORMATION_FORMAT = "dwarf-with-dsym";
				ENABLE_NS_ASSERTIONS = NO;
				ENABLE_STRICT_OBJC_MSGSEND = YES;
				GCC_C_LANGUAGE_STANDARD = gnu99;
				GCC_NO_COMMON_BLOCKS = YES;
				GCC_WARN_64_TO_32_BIT_CONVERSION = YES;
				GCC_WARN_ABOUT_RETURN_TYPE = YES_ERROR;
				GCC_WARN_UNDECLARED_SELECTOR = YES;
				GCC_WARN_UNINITIALIZED_AUTOS = YES_AGGRESSIVE;
				GCC_WARN_UNUSED_FUNCTION = YES;
				GCC_WARN_UNUSED_VARIABLE = YES;
				MACOSX_DEPLOYMENT_TARGET = 10.12;
				MTL_ENABLE_DEBUG_INFO = NO;
				SDKROOT = macosx;
			};
			name = Release;
		};
		C0F29FC61E8BDEA100F207C6 /* Debug */ = {
			isa = XCBuildConfiguration;
			buildSettings = {
				PRODUCT_NAME = "$(TARGET_NAME)";
			};
			name = Debug;
		};
		C0F29FC71E8BDEA100F207C6 /* Release */ = {
			isa = XCBuildConfiguration;
			buildSettings = {
				PRODUCT_NAME = "$(TARGET_NAME)";
			};
			name = Release;
		};
		C0F29FD11E8BDEB100F207C6 /* Debug */ = {
			isa = XCBuildConfiguration;
			buildSettings = {
				PRODUCT_NAME = "$(TARGET_NAME)";
			};
			name = Debug;
		};
		C0F29FD21E8BDEB100F207C6 /* Release */ = {
			isa = XCBuildConfiguration;
			buildSettings = {
				PRODUCT_NAME = "$(TARGET_NAME)";
			};
			name = Release;
		};
		C0F29FE71E8BDF1800F207C6 /* Debug */ = {
			isa = XCBuildConfiguration;
			buildSettings = {
				PRODUCT_NAME = "$(TARGET_NAME)";
			};
			name = Debug;
		};
		C0F29FE81E8BDF1800F207C6 /* Release */ = {
			isa = XCBuildConfiguration;
			buildSettings = {
				PRODUCT_NAME = "$(TARGET_NAME)";
			};
			name = Release;
		};
		C0F29FF21E8BDFF700F207C6 /* Debug */ = {
			isa = XCBuildConfiguration;
			buildSettings = {
				PRODUCT_NAME = "$(TARGET_NAME)";
			};
			name = Debug;
		};
		C0F29FF31E8BDFF700F207C6 /* Release */ = {
			isa = XCBuildConfiguration;
			buildSettings = {
				PRODUCT_NAME = "$(TARGET_NAME)";
			};
			name = Release;
		};
/* End XCBuildConfiguration section */

/* Begin XCConfigurationList section */
		C0F29FB91E8BDEA100F207C6 /* Build configuration list for PBXProject "6.3.3" */ = {
			isa = XCConfigurationList;
			buildConfigurations = (
				C0F29FC31E8BDEA100F207C6 /* Debug */,
				C0F29FC41E8BDEA100F207C6 /* Release */,
			);
			defaultConfigurationIsVisible = 0;
			defaultConfigurationName = Release;
		};
		C0F29FC51E8BDEA100F207C6 /* Build configuration list for PBXNativeTarget "6.3.3" */ = {
			isa = XCConfigurationList;
			buildConfigurations = (
				C0F29FC61E8BDEA100F207C6 /* Debug */,
				C0F29FC71E8BDEA100F207C6 /* Release */,
			);
			defaultConfigurationIsVisible = 0;
		};
		C0F29FD01E8BDEB100F207C6 /* Build configuration list for PBXNativeTarget "#if  #elif  #else" */ = {
			isa = XCConfigurationList;
			buildConfigurations = (
				C0F29FD11E8BDEB100F207C6 /* Debug */,
				C0F29FD21E8BDEB100F207C6 /* Release */,
			);
			defaultConfigurationIsVisible = 0;
		};
		C0F29FE61E8BDF1800F207C6 /* Build configuration list for PBXNativeTarget "#ifdef" */ = {
			isa = XCConfigurationList;
			buildConfigurations = (
				C0F29FE71E8BDF1800F207C6 /* Debug */,
				C0F29FE81E8BDF1800F207C6 /* Release */,
			);
			defaultConfigurationIsVisible = 0;
		};
		C0F29FF11E8BDFF700F207C6 /* Build configuration list for PBXNativeTarget "#ifndef" */ = {
			isa = XCConfigurationList;
			buildConfigurations = (
				C0F29FF21E8BDFF700F207C6 /* Debug */,
				C0F29FF31E8BDFF700F207C6 /* Release */,
			);
			defaultConfigurationIsVisible = 0;
		};
/* End XCConfigurationList section */
	};
	rootObject = C0F29FB61E8BDEA100F207C6 /* Project object */;
}
